
Microsoft Visual Studio Solution File, Format Version 12.00
# Visual Studio 15
VisualStudioVersion = 15.0.27130.2024
MinimumVisualStudioVersion = 10.0.40219.1
Project("{FAE04EC0-301F-11D3-BF4B-00C04F79EFBC}") = "MassWeightConvertion", "MassWeightConvertion\MassWeightConvertion.csproj", "{CE6FC04F-F13B-4BE5-88B0-5F417C277D8E}"
EndProject
Global
	GlobalSection(SolutionConfigurationPlatforms) = preSolution
		Debug|Any CPU = Debug|Any CPU
		Release|Any CPU = Release|Any CPU
	EndGlobalSection
	GlobalSection(ProjectConfigurationPlatforms) = postSolution
		{CE6FC04F-F13B-4BE5-88B0-5F417C277D8E}.Debug|Any CPU.ActiveCfg = Debug|Any CPU
		{CE6FC04F-F13B-4BE5-88B0-5F417C277D8E}.Debug|Any CPU.Build.0 = Debug|Any CPU
		{CE6FC04F-F13B-4BE5-88B0-5F417C277D8E}.Release|Any CPU.ActiveCfg = Release|Any CPU
		{CE6FC04F-F13B-4BE5-88B0-5F417C277D8E}.Release|Any CPU.Build.0 = Release|Any CPU
	EndGlobalSection
	GlobalSection(SolutionProperties) = preSolution
		HideSolutionNode = FALSE
	EndGlobalSection
	GlobalSection(ExtensibilityGlobals) = postSolution
		SolutionGuid = {F704B2C9-43FF-4944-B55D-BF6E70876A2D}
	EndGlobalSection
EndGlobal
